
Microsoft Visual Studio Solution File, Format Version 12.00
# Visual Studio Version 17
VisualStudioVersion = 17.13.35605.110 d17.13
MinimumVisualStudioVersion = 10.0.40219.1
Project("{FAE04EC0-301F-11D3-BF4B-00C04F79EFBC}") = "CreateControls", "CreateControls\CreateControls.csproj", "{CC373C19-CD46-4C48-934A-B1BE30A82115}"
EndProject
Global
	GlobalSection(SolutionConfigurationPlatforms) = preSolution
		Debug|Any CPU = Debug|Any CPU
		Release|Any CPU = Release|Any CPU
	EndGlobalSection
	GlobalSection(ProjectConfigurationPlatforms) = postSolution
		{CC373C19-CD46-4C48-934A-B1BE30A82115}.Debug|Any CPU.ActiveCfg = Debug|Any CPU
		{CC373C19-CD46-4C48-934A-B1BE30A82115}.Debug|Any CPU.Build.0 = Debug|Any CPU
		{CC373C19-CD46-4C48-934A-B1BE30A82115}.Release|Any CPU.ActiveCfg = Release|Any CPU
		{CC373C19-CD46-4C48-934A-B1BE30A82115}.Release|Any CPU.Build.0 = Release|Any CPU
	EndGlobalSection
	GlobalSection(SolutionProperties) = preSolution
		HideSolutionNode = FALSE
	EndGlobalSection
	GlobalSection(ExtensibilityGlobals) = postSolution
		SolutionGuid = {26A799F8-2C01-446A-BE8C-37823662DF0B}
	EndGlobalSection
EndGlobal
